
Microsoft Visual Studio Solution File, Format Version 12.00
# Visual Studio 15
VisualStudioVersion = 15.0.28307.645
MinimumVisualStudioVersion = 10.0.40219.1
Project("{8BC9CEB8-8B4A-11D0-8D11-00A0C91BC942}") = "DES_Decrypt", "DES_Decrypt\DES_Decrypt.vcxproj", "{F6615C72-7CFA-46B3-A41F-F214E6067D38}"
EndProject
Global
	GlobalSection(SolutionConfigurationPlatforms) = preSolution
		Debug|x64 = Debug|x64
		Debug|x86 = Debug|x86
		Release|x64 = Release|x64
		Release|x86 = Release|x86
	EndGlobalSection
	GlobalSection(ProjectConfigurationPlatforms) = postSolution
		{F6615C72-7CFA-46B3-A41F-F214E6067D38}.Debug|x64.ActiveCfg = Debug|x64
		{F6615C72-7CFA-46B3-A41F-F214E6067D38}.Debug|x64.Build.0 = Debug|x64
		{F6615C72-7CFA-46B3-A41F-F214E6067D38}.Debug|x86.ActiveCfg = Debug|Win32
		{F6615C72-7CFA-46B3-A41F-F214E6067D38}.Debug|x86.Build.0 = Debug|Win32
		{F6615C72-7CFA-46B3-A41F-F214E6067D38}.Release|x64.ActiveCfg = Release|x64
		{F6615C72-7CFA-46B3-A41F-F214E6067D38}.Release|x64.Build.0 = Release|x64
		{F6615C72-7CFA-46B3-A41F-F214E6067D38}.Release|x86.ActiveCfg = Release|Win32
		{F6615C72-7CFA-46B3-A41F-F214E6067D38}.Release|x86.Build.0 = Release|Win32
	EndGlobalSection
	GlobalSection(SolutionProperties) = preSolution
		HideSolutionNode = FALSE
	EndGlobalSection
	GlobalSection(ExtensibilityGlobals) = postSolution
		SolutionGuid = {A13C6BC0-563A-4043-AE7D-010BB915B12B}
	EndGlobalSection
EndGlobal
